
Microsoft Visual Studio Solution File, Format Version 12.00
# Visual Studio Version 17
VisualStudioVersion = 17.0.32014.148
MinimumVisualStudioVersion = 10.0.40219.1
Project("{FAE04EC0-301F-11D3-BF4B-00C04F79EFBC}") = "UnitTest", "UnitTest.csproj", "{093A6832-6CA1-4AF5-85E0-02F61CE93693}"
EndProject
Project("{FAE04EC0-301F-11D3-BF4B-00C04F79EFBC}") = "TestProject1", "..\TestProject1\TestProject1.csproj", "{CB93EBD6-578E-4D39-8D48-71D0A8E76B01}"
EndProject
Global
	GlobalSection(SolutionConfigurationPlatforms) = preSolution
		Debug|Any CPU = Debug|Any CPU
		Release|Any CPU = Release|Any CPU
	EndGlobalSection
	GlobalSection(ProjectConfigurationPlatforms) = postSolution
		{093A6832-6CA1-4AF5-85E0-02F61CE93693}.Debug|Any CPU.ActiveCfg = Debug|Any CPU
		{093A6832-6CA1-4AF5-85E0-02F61CE93693}.Debug|Any CPU.Build.0 = Debug|Any CPU
		{093A6832-6CA1-4AF5-85E0-02F61CE93693}.Release|Any CPU.ActiveCfg = Release|Any CPU
		{093A6832-6CA1-4AF5-85E0-02F61CE93693}.Release|Any CPU.Build.0 = Release|Any CPU
		{CB93EBD6-578E-4D39-8D48-71D0A8E76B01}.Debug|Any CPU.ActiveCfg = Debug|Any CPU
		{CB93EBD6-578E-4D39-8D48-71D0A8E76B01}.Debug|Any CPU.Build.0 = Debug|Any CPU
		{CB93EBD6-578E-4D39-8D48-71D0A8E76B01}.Release|Any CPU.ActiveCfg = Release|Any CPU
		{CB93EBD6-578E-4D39-8D48-71D0A8E76B01}.Release|Any CPU.Build.0 = Release|Any CPU
	EndGlobalSection
	GlobalSection(SolutionProperties) = preSolution
		HideSolutionNode = FALSE
	EndGlobalSection
	GlobalSection(ExtensibilityGlobals) = postSolution
		SolutionGuid = {EDBDA8F3-DC13-40F0-87DC-32BA29E38BDD}
	EndGlobalSection
EndGlobal
